
Microsoft Visual Studio Solution File, Format Version 12.00
# Visual Studio Version 16
VisualStudioVersion = 16.0.30320.27
MinimumVisualStudioVersion = 10.0.40219.1
Project("{9A19103F-16F7-4668-BE54-9A1E7A4F7556}") = "BethanysPieShop", "BethanysPieShop\BethanysPieShop.csproj", "{DC7AA810-6B5A-4AAF-BFB5-8EF02E112332}"
EndProject
Project("{9A19103F-16F7-4668-BE54-9A1E7A4F7556}") = "Models", "Models\Models.csproj", "{7B64B38F-2C9E-436B-B1A7-F9D045E1701E}"
EndProject
Project("{9A19103F-16F7-4668-BE54-9A1E7A4F7556}") = "DataAccessLayer", "DataAccessLayer\DataAccessLayer.csproj", "{D65AA763-919E-4F08-B994-E0C920AFE2FD}"
EndProject
Project("{9A19103F-16F7-4668-BE54-9A1E7A4F7556}") = "ViewModels", "ViewModels\ViewModels.csproj", "{A07290D5-0C16-4056-9237-5C074F8A12EE}"
EndProject
Project("{9A19103F-16F7-4668-BE54-9A1E7A4F7556}") = "Resources", "Resources\Resources.csproj", "{30F97F3F-96EC-4E3B-9A01-CBB84DF28E28}"
EndProject
Global
	GlobalSection(SolutionConfigurationPlatforms) = preSolution
		Debug|Any CPU = Debug|Any CPU
		Release|Any CPU = Release|Any CPU
	EndGlobalSection
	GlobalSection(ProjectConfigurationPlatforms) = postSolution
		{DC7AA810-6B5A-4AAF-BFB5-8EF02E112332}.Debug|Any CPU.ActiveCfg = Debug|Any CPU
		{DC7AA810-6B5A-4AAF-BFB5-8EF02E112332}.Debug|Any CPU.Build.0 = Debug|Any CPU
		{DC7AA810-6B5A-4AAF-BFB5-8EF02E112332}.Release|Any CPU.ActiveCfg = Release|Any CPU
		{DC7AA810-6B5A-4AAF-BFB5-8EF02E112332}.Release|Any CPU.Build.0 = Release|Any CPU
		{7B64B38F-2C9E-436B-B1A7-F9D045E1701E}.Debug|Any CPU.ActiveCfg = Debug|Any CPU
		{7B64B38F-2C9E-436B-B1A7-F9D045E1701E}.Debug|Any CPU.Build.0 = Debug|Any CPU
		{7B64B38F-2C9E-436B-B1A7-F9D045E1701E}.Release|Any CPU.ActiveCfg = Release|Any CPU
		{7B64B38F-2C9E-436B-B1A7-F9D045E1701E}.Release|Any CPU.Build.0 = Release|Any CPU
		{D65AA763-919E-4F08-B994-E0C920AFE2FD}.Debug|Any CPU.ActiveCfg = Debug|Any CPU
		{D65AA763-919E-4F08-B994-E0C920AFE2FD}.Debug|Any CPU.Build.0 = Debug|Any CPU
		{D65AA763-919E-4F08-B994-E0C920AFE2FD}.Release|Any CPU.ActiveCfg = Release|Any CPU
		{D65AA763-919E-4F08-B994-E0C920AFE2FD}.Release|Any CPU.Build.0 = Release|Any CPU
		{A07290D5-0C16-4056-9237-5C074F8A12EE}.Debug|Any CPU.ActiveCfg = Debug|Any CPU
		{A07290D5-0C16-4056-9237-5C074F8A12EE}.Debug|Any CPU.Build.0 = Debug|Any CPU
		{A07290D5-0C16-4056-9237-5C074F8A12EE}.Release|Any CPU.ActiveCfg = Release|Any CPU
		{A07290D5-0C16-4056-9237-5C074F8A12EE}.Release|Any CPU.Build.0 = Release|Any CPU
		{30F97F3F-96EC-4E3B-9A01-CBB84DF28E28}.Debug|Any CPU.ActiveCfg = Debug|Any CPU
		{30F97F3F-96EC-4E3B-9A01-CBB84DF28E28}.Debug|Any CPU.Build.0 = Debug|Any CPU
		{30F97F3F-96EC-4E3B-9A01-CBB84DF28E28}.Release|Any CPU.ActiveCfg = Release|Any CPU
		{30F97F3F-96EC-4E3B-9A01-CBB84DF28E28}.Release|Any CPU.Build.0 = Release|Any CPU
	EndGlobalSection
	GlobalSection(SolutionProperties) = preSolution
		HideSolutionNode = FALSE
	EndGlobalSection
	GlobalSection(ExtensibilityGlobals) = postSolution
		SolutionGuid = {29F5367A-F066-4D83-AAA7-6238EC569D12}
	EndGlobalSection
EndGlobal
